<?xml version="1.0" encoding="utf-8"?>
<Project ToolsVersion="4.0" xmlns="http://schemas.microsoft.com/developer/msbuild/2003">
  <ItemGroup>
    <Filter Include="Source Files">
      <UniqueIdentifier>{4FC737F1-C7A5-4376-A066-2A32D752A2FF}</UniqueIdentifier>
      <Extensions>cpp;c;cc;cxx;def;odl;idl;hpj;bat;asm;asmx</Extensions>
    </Filter>
    <Filter Include="Header Files">
      <UniqueIdentifier>{93995380-89BD-4b04-88EB-625FBE52EBFB}</UniqueIdentifier>
      <Extensions>h;hh;hpp;hxx;hm;inl;inc;xsd</Extensions>
    </Filter>
    <Filter Include="Resource Files">
      <UniqueIdentifier>{67DA6AB6-F800-4c08-8B7A-83BB121AAD01}</UniqueIdentifier>
      <Extensions>rc;ico;cur;bmp;dlg;rc2;rct;bin;rgs;gif;jpg;jpeg;jpe;resx;tiff;tif;png;wav;mfcribbon-ms</Extensions>
    </Filter>
    <Filter Include="Header Files\Entity">
      <UniqueIdentifier>{0ea9d9e0-a63f-45db-855a-8e0af3ddc6b4}</UniqueIdentifier>
    </Filter>
    <Filter Include="Source Files\Entity">
      <UniqueIdentifier>{c18c41b7-6ff6-4420-97cd-1fae4894348b}</UniqueIdentifier>
    </Filter>
    <Filter Include="Header Files\Particle">
      <UniqueIdentifier>{59d373b3-fd70-4d80-b036-5561b7fbf820}</UniqueIdentifier>
    </Filter>
    <Filter Include="Header Files\Weapon">
      <UniqueIdentifier>{1b8ae8de-714d-41c2-b216-5e5347a35d23}</UniqueIdentifier>
    </Filter>
    <Filter Include="Header Files\World">
      <UniqueIdentifier>{71accd6e-69b7-4978-b432-35ecf76e841d}</UniqueIdentifier>
    </Filter>
    <Filter Include="Source Files\Weapon">
      <UniqueIdentifier>{fb1b1d58-2dcf-45a5-9973-def6fa0c3d1e}</UniqueIdentifier>
    </Filter>
  </ItemGroup>
  <ItemGroup>
    <ClCompile Include="AIEphysApp.cpp">
      <Filter>Source Files</Filter>
    </ClCompile>
    <ClCompile Include="main.cpp">
      <Filter>Source Files</Filter>
    </ClCompile>
    <ClCompile Include="src\PhsysicsObject.cpp">
      <Filter>Source Files</Filter>
    </ClCompile>
    <ClCompile Include="src\Timer.cpp">
      <Filter>Source Files</Filter>
    </ClCompile>
    <ClCompile Include="src\RigidBody.cpp">
      <Filter>Source Files</Filter>
    </ClCompile>
    <ClCompile Include="src\Cirlce.cpp">
      <Filter>Source Files</Filter>
    </ClCompile>
    <ClCompile Include="src\PhysScene.cpp">
      <Filter>Source Files</Filter>
    </ClCompile>
    <ClCompile Include="src\Animation.cpp">
      <Filter>Source Files</Filter>
    </ClCompile>
    <ClCompile Include="src\Item.cpp">
      <Filter>Source Files</Filter>
    </ClCompile>
    <ClCompile Include="src\BaseEntity.cpp">
      <Filter>Source Files\Entity</Filter>
    </ClCompile>
    <ClCompile Include="src\TestEntity.cpp">
      <Filter>Source Files\Entity</Filter>
    </ClCompile>
    <ClCompile Include="src\Squad.cpp">
      <Filter>Source Files</Filter>
    </ClCompile>
    <ClCompile Include="src\Weapon.cpp">
      <Filter>Source Files\Weapon</Filter>
    </ClCompile>
    <ClCompile Include="src\TestRifle.cpp">
      <Filter>Source Files\Weapon</Filter>
    </ClCompile>
  </ItemGroup>
  <ItemGroup>
    <ClInclude Include="AIEphysApp.h">
      <Filter>Header Files</Filter>
    </ClInclude>
    <ClInclude Include="src\PhysicsObject.h">
      <Filter>Header Files</Filter>
    </ClInclude>
    <ClInclude Include="src\PhysScene.h">
      <Filter>Header Files</Filter>
    </ClInclude>
    <ClInclude Include="src\RigidBody.h">
      <Filter>Header Files</Filter>
    </ClInclude>
    <ClInclude Include="src\Circle.h">
      <Filter>Header Files</Filter>
    </ClInclude>
    <ClInclude Include="src\Force.h">
      <Filter>Header Files</Filter>
    </ClInclude>
    <ClInclude Include="src\Timer.h">
      <Filter>Header Files</Filter>
    </ClInclude>
    <ClInclude Include="src\Animation.h">
      <Filter>Header Files</Filter>
    </ClInclude>
    <ClInclude Include="src\Item.h">
      <Filter>Header Files</Filter>
    </ClInclude>
    <ClInclude Include="src\BaseEntity.h">
      <Filter>Header Files\Entity</Filter>
    </ClInclude>
    <ClInclude Include="src\Emitter.h">
      <Filter>Header Files\Particle</Filter>
    </ClInclude>
    <ClInclude Include="src\Squad.h">
      <Filter>Header Files\Entity</Filter>
    </ClInclude>
    <ClInclude Include="src\TestEntity.h">
      <Filter>Header Files\Entity</Filter>
    </ClInclude>
    <ClInclude Include="src\Particle.h">
      <Filter>Header Files\Particle</Filter>
    </ClInclude>
    <ClInclude Include="src\EntityTypes.h">
      <Filter>Header Files\Entity</Filter>
    </ClInclude>
    <ClInclude Include="src\Projectile.h">
      <Filter>Header Files\Weapon</Filter>
    </ClInclude>
    <ClInclude Include="src\Weapon.h">
      <Filter>Header Files\Weapon</Filter>
    </ClInclude>
    <ClInclude Include="src\Tile.h">
      <Filter>Header Files\World</Filter>
    </ClInclude>
    <ClInclude Include="src\TestRifle.h">
      <Filter>Header Files\Weapon</Filter>
    </ClInclude>
  </ItemGroup>
</Project>